// !$*UTF8*$!
{
	archiveVersion = 1;
	classes = {
	};
	objectVersion = 52;
	objects = {

/* Begin PBXBuildFile section */
		763ADBB8EC6DA72F8D717964 /* Pods_LocPicker_LocPickerTests.framework in Frameworks */ = {isa = PBXBuildFile; fileRef = DA88533BCBB6950251D7B326 /* Pods_LocPicker_LocPickerTests.framework */; };
		9DD7341823BA1E3B007B98A3 /* LocPicker.framework in Frameworks */ = {isa = PBXBuildFile; fileRef = 9DD7340E23BA1E3B007B98A3 /* LocPicker.framework */; };
		9DD7341D23BA1E3B007B98A3 /* LocPickerTests.swift in Sources */ = {isa = PBXBuildFile; fileRef = 9DD7341C23BA1E3B007B98A3 /* LocPickerTests.swift */; };
		9DD7341F23BA1E3B007B98A3 /* LocPicker.h in Headers */ = {isa = PBXBuildFile; fileRef = 9DD7341123BA1E3B007B98A3 /* LocPicker.h */; settings = {ATTRIBUTES = (Public, ); }; };
		9DD7342A23BA1F8D007B98A3 /* BuildFile in Frameworks */ = {isa = PBXBuildFile; productRef = 9DD7342923BA1F8D007B98A3 /* SwiftPackageProductDependency */; };
		9DD7342D23BA1FA6007B98A3 /* BuildFile in Frameworks */ = {isa = PBXBuildFile; productRef = 9DD7342C23BA1FA6007B98A3 /* SwiftPackageProductDependency */; };
		9DD7343023BA1FC6007B98A3 /* BuildFile in Frameworks */ = {isa = PBXBuildFile; productRef = 9DD7342F23BA1FC6007B98A3 /* SwiftPackageProductDependency */; };
		9DD7343723BA21A3007B98A3 /* Assets.xcassets in Resources */ = {isa = PBXBuildFile; fileRef = 9DD7343523BA219A007B98A3 /* Assets.xcassets */; };
		9DD7344323BA21CB007B98A3 /* NearByPlacesListViewController+Ext.swift in Sources */ = {isa = PBXBuildFile; fileRef = 9DD7343A23BA21CB007B98A3 /* NearByPlacesListViewController+Ext.swift */; };
		9DD7344423BA21CB007B98A3 /* NearByPlacesViewModel.swift in Sources */ = {isa = PBXBuildFile; fileRef = 9DD7343B23BA21CB007B98A3 /* NearByPlacesViewModel.swift */; };
		9DD7344523BA21CB007B98A3 /* NearByPlacesListViewController.swift in Sources */ = {isa = PBXBuildFile; fileRef = 9DD7343C23BA21CB007B98A3 /* NearByPlacesListViewController.swift */; };
		9DD7344623BA21CB007B98A3 /* NearbyPlacesTableViewCell.swift in Sources */ = {isa = PBXBuildFile; fileRef = 9DD7343E23BA21CB007B98A3 /* NearbyPlacesTableViewCell.swift */; };
		9DD7344723BA21CB007B98A3 /* PickerMapViewController+Ext.swift in Sources */ = {isa = PBXBuildFile; fileRef = 9DD7344023BA21CB007B98A3 /* PickerMapViewController+Ext.swift */; };
		9DD7344823BA21CB007B98A3 /* PickerMapViewController.swift in Sources */ = {isa = PBXBuildFile; fileRef = 9DD7344123BA21CB007B98A3 /* PickerMapViewController.swift */; };
		9DD7344923BA21CB007B98A3 /* PickerMapViewModel.swift in Sources */ = {isa = PBXBuildFile; fileRef = 9DD7344223BA21CB007B98A3 /* PickerMapViewModel.swift */; };
		9DD7344A23BA21FC007B98A3 /* Main.storyboard in Resources */ = {isa = PBXBuildFile; fileRef = 9DD7343223BA2135007B98A3 /* Main.storyboard */; };
		9DD7344D23BA226C007B98A3 /* BuildFile in Frameworks */ = {isa = PBXBuildFile; productRef = 9DD7344C23BA226C007B98A3 /* SwiftPackageProductDependency */; };
		9DD7344F23BA226C007B98A3 /* BuildFile in Frameworks */ = {isa = PBXBuildFile; productRef = 9DD7344E23BA226C007B98A3 /* SwiftPackageProductDependency */; };
		9DD7345423BA232B007B98A3 /* LocModel.swift in Sources */ = {isa = PBXBuildFile; fileRef = 9DD7345123BA232B007B98A3 /* LocModel.swift */; };
		9DD7345523BA232B007B98A3 /* NearbyPlacesModel.swift in Sources */ = {isa = PBXBuildFile; fileRef = 9DD7345223BA232B007B98A3 /* NearbyPlacesModel.swift */; };
		9DD7345623BA232B007B98A3 /* ModelClassResponse.swift in Sources */ = {isa = PBXBuildFile; fileRef = 9DD7345323BA232B007B98A3 /* ModelClassResponse.swift */; };
		9DD7346323BA23A6007B98A3 /* Picker.swift in Sources */ = {isa = PBXBuildFile; fileRef = 9DD7345823BA23A6007B98A3 /* Picker.swift */; };
		9DD7346523BA23A6007B98A3 /* GVars.swift in Sources */ = {isa = PBXBuildFile; fileRef = 9DD7345A23BA23A6007B98A3 /* GVars.swift */; };
		9DD7346623BA23A6007B98A3 /* NoDataView.swift in Sources */ = {isa = PBXBuildFile; fileRef = 9DD7345B23BA23A6007B98A3 /* NoDataView.swift */; };
		9DD7346723BA23A6007B98A3 /* Results.swift in Sources */ = {isa = PBXBuildFile; fileRef = 9DD7345C23BA23A6007B98A3 /* Results.swift */; };
		9DD7346823BA23A6007B98A3 /* PlacePickerQ_API.swift in Sources */ = {isa = PBXBuildFile; fileRef = 9DD7345D23BA23A6007B98A3 /* PlacePickerQ_API.swift */; };
		9DD7346923BA23A6007B98A3 /* TypeAliases.swift in Sources */ = {isa = PBXBuildFile; fileRef = 9DD7345E23BA23A6007B98A3 /* TypeAliases.swift */; };
		9DD7346A23BA23A6007B98A3 /* Texts.swift in Sources */ = {isa = PBXBuildFile; fileRef = 9DD7345F23BA23A6007B98A3 /* Texts.swift */; };
		9DD7346B23BA23A6007B98A3 /* Const.swift in Sources */ = {isa = PBXBuildFile; fileRef = 9DD7346023BA23A6007B98A3 /* Const.swift */; };
		9DD7346C23BA23A6007B98A3 /* SetImg.swift in Sources */ = {isa = PBXBuildFile; fileRef = 9DD7346123BA23A6007B98A3 /* SetImg.swift */; };
		9DD7346D23BA23A6007B98A3 /* Picker_PlaceMarker.swift in Sources */ = {isa = PBXBuildFile; fileRef = 9DD7346223BA23A6007B98A3 /* Picker_PlaceMarker.swift */; };
		9DD7347023BA23E8007B98A3 /* BuildFile in Frameworks */ = {isa = PBXBuildFile; productRef = 9DD7346F23BA23E8007B98A3 /* SwiftPackageProductDependency */; };
		9DD7347523BA2432007B98A3 /* UIStoryboard+Ext.swift in Sources */ = {isa = PBXBuildFile; fileRef = 9DD7347223BA2432007B98A3 /* UIStoryboard+Ext.swift */; };
		9DD7347623BA2432007B98A3 /* UIDevice+Ext.swift in Sources */ = {isa = PBXBuildFile; fileRef = 9DD7347323BA2432007B98A3 /* UIDevice+Ext.swift */; };
		9DD7347723BA2432007B98A3 /* UIViewController+Ext.swift in Sources */ = {isa = PBXBuildFile; fileRef = 9DD7347423BA2432007B98A3 /* UIViewController+Ext.swift */; };
		9DD7347C23BA2465007B98A3 /* APILibrary+Ext3.swift in Sources */ = {isa = PBXBuildFile; fileRef = 9DD7347923BA2465007B98A3 /* APILibrary+Ext3.swift */; };
		9DD7350223BA3403007B98A3 /* Pods_LocPicker.framework in Frameworks */ = {isa = PBXBuildFile; fileRef = F5A372F984D1A59E63FD2156 /* Pods_LocPicker.framework */; };
		9DD7350323BA3403007B98A3 /* Pods_LocPicker.framework in Embed Frameworks */ = {isa = PBXBuildFile; fileRef = F5A372F984D1A59E63FD2156 /* Pods_LocPicker.framework */; settings = {ATTRIBUTES = (CodeSignOnCopy, RemoveHeadersOnCopy, ); }; };
		F3133A846F29B900779B29B4 /* Pods_LocPicker.framework in Frameworks */ = {isa = PBXBuildFile; fileRef = 9DD7350123BA338B007B98A3 /* Pods_LocPicker.framework */; };
/* End PBXBuildFile section */

/* Begin PBXContainerItemProxy section */
		9DD7341923BA1E3B007B98A3 /* PBXContainerItemProxy */ = {
			isa = PBXContainerItemProxy;
			containerPortal = 9DD7340523BA1E3B007B98A3 /* Project object */;
			proxyType = 1;
			remoteGlobalIDString = 9DD7340D23BA1E3B007B98A3;
			remoteInfo = LocPicker;
		};
/* End PBXContainerItemProxy section */

/* Begin PBXCopyFilesBuildPhase section */
		9DD7350423BA3403007B98A3 /* Embed Frameworks */ = {
			isa = PBXCopyFilesBuildPhase;
			buildActionMask = 2147483647;
			dstPath = "";
			dstSubfolderSpec = 10;
			files = (
				9DD7350323BA3403007B98A3 /* Pods_LocPicker.framework in Embed Frameworks */,
			);
			name = "Embed Frameworks";
			runOnlyForDeploymentPostprocessing = 0;
		};
/* End PBXCopyFilesBuildPhase section */

/* Begin PBXFileReference section */
		17143879F8A510EC2769201E /* Pods-LocPicker.release.xcconfig */ = {isa = PBXFileReference; includeInIndex = 1; lastKnownFileType = text.xcconfig; name = "Pods-LocPicker.release.xcconfig"; path = "Target Support Files/Pods-LocPicker/Pods-LocPicker.release.xcconfig"; sourceTree = "<group>"; };
		32849D3A9EFA232DF96A6B9E /* Pods-LocPicker-LocPickerTests.debug.xcconfig */ = {isa = PBXFileReference; includeInIndex = 1; lastKnownFileType = text.xcconfig; name = "Pods-LocPicker-LocPickerTests.debug.xcconfig"; path = "Target Support Files/Pods-LocPicker-LocPickerTests/Pods-LocPicker-LocPickerTests.debug.xcconfig"; sourceTree = "<group>"; };
		6D5C1E24C39A2DCD593D5D24 /* Pods-LocPicker-LocPickerTests.release.xcconfig */ = {isa = PBXFileReference; includeInIndex = 1; lastKnownFileType = text.xcconfig; name = "Pods-LocPicker-LocPickerTests.release.xcconfig"; path = "Target Support Files/Pods-LocPicker-LocPickerTests/Pods-LocPicker-LocPickerTests.release.xcconfig"; sourceTree = "<group>"; };
		9DD7340E23BA1E3B007B98A3 /* LocPicker.framework */ = {isa = PBXFileReference; explicitFileType = wrapper.framework; includeInIndex = 0; path = LocPicker.framework; sourceTree = BUILT_PRODUCTS_DIR; };
		9DD7341123BA1E3B007B98A3 /* LocPicker.h */ = {isa = PBXFileReference; lastKnownFileType = sourcecode.c.h; path = LocPicker.h; sourceTree = "<group>"; };
		9DD7341223BA1E3B007B98A3 /* Info.plist */ = {isa = PBXFileReference; lastKnownFileType = text.plist.xml; path = Info.plist; sourceTree = "<group>"; };
		9DD7341723BA1E3B007B98A3 /* LocPickerTests.xctest */ = {isa = PBXFileReference; explicitFileType = wrapper.cfbundle; includeInIndex = 0; path = LocPickerTests.xctest; sourceTree = BUILT_PRODUCTS_DIR; };
		9DD7341C23BA1E3B007B98A3 /* LocPickerTests.swift */ = {isa = PBXFileReference; lastKnownFileType = sourcecode.swift; path = LocPickerTests.swift; sourceTree = "<group>"; };
		9DD7341E23BA1E3B007B98A3 /* Info.plist */ = {isa = PBXFileReference; lastKnownFileType = text.plist.xml; path = Info.plist; sourceTree = "<group>"; };
		9DD7343223BA2135007B98A3 /* Main.storyboard */ = {isa = PBXFileReference; fileEncoding = 4; lastKnownFileType = file.storyboard; path = Main.storyboard; sourceTree = "<group>"; };
		9DD7343523BA219A007B98A3 /* Assets.xcassets */ = {isa = PBXFileReference; lastKnownFileType = folder.assetcatalog; path = Assets.xcassets; sourceTree = "<group>"; };
		9DD7343A23BA21CB007B98A3 /* NearByPlacesListViewController+Ext.swift */ = {isa = PBXFileReference; fileEncoding = 4; lastKnownFileType = sourcecode.swift; path = "NearByPlacesListViewController+Ext.swift"; sourceTree = "<group>"; };
		9DD7343B23BA21CB007B98A3 /* NearByPlacesViewModel.swift */ = {isa = PBXFileReference; fileEncoding = 4; lastKnownFileType = sourcecode.swift; path = NearByPlacesViewModel.swift; sourceTree = "<group>"; };
		9DD7343C23BA21CB007B98A3 /* NearByPlacesListViewController.swift */ = {isa = PBXFileReference; fileEncoding = 4; lastKnownFileType = sourcecode.swift; path = NearByPlacesListViewController.swift; sourceTree = "<group>"; };
		9DD7343E23BA21CB007B98A3 /* NearbyPlacesTableViewCell.swift */ = {isa = PBXFileReference; fileEncoding = 4; lastKnownFileType = sourcecode.swift; path = NearbyPlacesTableViewCell.swift; sourceTree = "<group>"; };
		9DD7344023BA21CB007B98A3 /* PickerMapViewController+Ext.swift */ = {isa = PBXFileReference; fileEncoding = 4; lastKnownFileType = sourcecode.swift; path = "PickerMapViewController+Ext.swift"; sourceTree = "<group>"; };
		9DD7344123BA21CB007B98A3 /* PickerMapViewController.swift */ = {isa = PBXFileReference; fileEncoding = 4; lastKnownFileType = sourcecode.swift; path = PickerMapViewController.swift; sourceTree = "<group>"; };
		9DD7344223BA21CB007B98A3 /* PickerMapViewModel.swift */ = {isa = PBXFileReference; fileEncoding = 4; lastKnownFileType = sourcecode.swift; path = PickerMapViewModel.swift; sourceTree = "<group>"; };
		9DD7345123BA232B007B98A3 /* LocModel.swift */ = {isa = PBXFileReference; fileEncoding = 4; lastKnownFileType = sourcecode.swift; path = LocModel.swift; sourceTree = "<group>"; };
		9DD7345223BA232B007B98A3 /* NearbyPlacesModel.swift */ = {isa = PBXFileReference; fileEncoding = 4; lastKnownFileType = sourcecode.swift; path = NearbyPlacesModel.swift; sourceTree = "<group>"; };
		9DD7345323BA232B007B98A3 /* ModelClassResponse.swift */ = {isa = PBXFileReference; fileEncoding = 4; lastKnownFileType = sourcecode.swift; path = ModelClassResponse.swift; sourceTree = "<group>"; };
		9DD7345823BA23A6007B98A3 /* Picker.swift */ = {isa = PBXFileReference; fileEncoding = 4; lastKnownFileType = sourcecode.swift; path = Picker.swift; sourceTree = "<group>"; };
		9DD7345A23BA23A6007B98A3 /* GVars.swift */ = {isa = PBXFileReference; fileEncoding = 4; lastKnownFileType = sourcecode.swift; path = GVars.swift; sourceTree = "<group>"; };
		9DD7345B23BA23A6007B98A3 /* NoDataView.swift */ = {isa = PBXFileReference; fileEncoding = 4; lastKnownFileType = sourcecode.swift; path = NoDataView.swift; sourceTree = "<group>"; };
		9DD7345C23BA23A6007B98A3 /* Results.swift */ = {isa = PBXFileReference; fileEncoding = 4; lastKnownFileType = sourcecode.swift; path = Results.swift; sourceTree = "<group>"; };
		9DD7345D23BA23A6007B98A3 /* PlacePickerQ_API.swift */ = {isa = PBXFileReference; fileEncoding = 4; lastKnownFileType = sourcecode.swift; path = PlacePickerQ_API.swift; sourceTree = "<group>"; };
		9DD7345E23BA23A6007B98A3 /* TypeAliases.swift */ = {isa = PBXFileReference; fileEncoding = 4; lastKnownFileType = sourcecode.swift; path = TypeAliases.swift; sourceTree = "<group>"; };
		9DD7345F23BA23A6007B98A3 /* Texts.swift */ = {isa = PBXFileReference; fileEncoding = 4; lastKnownFileType = sourcecode.swift; path = Texts.swift; sourceTree = "<group>"; };
		9DD7346023BA23A6007B98A3 /* Const.swift */ = {isa = PBXFileReference; fileEncoding = 4; lastKnownFileType = sourcecode.swift; path = Const.swift; sourceTree = "<group>"; };
		9DD7346123BA23A6007B98A3 /* SetImg.swift */ = {isa = PBXFileReference; fileEncoding = 4; lastKnownFileType = sourcecode.swift; path = SetImg.swift; sourceTree = "<group>"; };
		9DD7346223BA23A6007B98A3 /* Picker_PlaceMarker.swift */ = {isa = PBXFileReference; fileEncoding = 4; lastKnownFileType = sourcecode.swift; path = Picker_PlaceMarker.swift; sourceTree = "<group>"; };
		9DD7347223BA2432007B98A3 /* UIStoryboard+Ext.swift */ = {isa = PBXFileReference; fileEncoding = 4; lastKnownFileType = sourcecode.swift; path = "UIStoryboard+Ext.swift"; sourceTree = "<group>"; };
		9DD7347323BA2432007B98A3 /* UIDevice+Ext.swift */ = {isa = PBXFileReference; fileEncoding = 4; lastKnownFileType = sourcecode.swift; path = "UIDevice+Ext.swift"; sourceTree = "<group>"; };
		9DD7347423BA2432007B98A3 /* UIViewController+Ext.swift */ = {isa = PBXFileReference; fileEncoding = 4; lastKnownFileType = sourcecode.swift; path = "UIViewController+Ext.swift"; sourceTree = "<group>"; };
		9DD7347923BA2465007B98A3 /* APILibrary+Ext3.swift */ = {isa = PBXFileReference; fileEncoding = 4; lastKnownFileType = sourcecode.swift; path = "APILibrary+Ext3.swift"; sourceTree = "<group>"; };
		9DD7350123BA338B007B98A3 /* Pods_LocPicker.framework */ = {isa = PBXFileReference; explicitFileType = wrapper.framework; path = Pods_LocPicker.framework; sourceTree = BUILT_PRODUCTS_DIR; };
		A2D5E12F7A59C5A916DC3FCA /* Pods-LocPicker.debug.xcconfig */ = {isa = PBXFileReference; includeInIndex = 1; lastKnownFileType = text.xcconfig; name = "Pods-LocPicker.debug.xcconfig"; path = "Target Support Files/Pods-LocPicker/Pods-LocPicker.debug.xcconfig"; sourceTree = "<group>"; };
		DA88533BCBB6950251D7B326 /* Pods_LocPicker_LocPickerTests.framework */ = {isa = PBXFileReference; explicitFileType = wrapper.framework; includeInIndex = 0; path = Pods_LocPicker_LocPickerTests.framework; sourceTree = BUILT_PRODUCTS_DIR; };
		F5A372F984D1A59E63FD2156 /* Pods_LocPicker.framework */ = {isa = PBXFileReference; explicitFileType = wrapper.framework; includeInIndex = 0; path = Pods_LocPicker.framework; sourceTree = BUILT_PRODUCTS_DIR; };
/* End PBXFileReference section */

/* Begin PBXFrameworksBuildPhase section */
		9DD7340B23BA1E3B007B98A3 /* Frameworks */ = {
			isa = PBXFrameworksBuildPhase;
			buildActionMask = 2147483647;
			files = (
				9DD7342D23BA1FA6007B98A3 /* BuildFile in Frameworks */,
				9DD7343023BA1FC6007B98A3 /* BuildFile in Frameworks */,
				9DD7347023BA23E8007B98A3 /* BuildFile in Frameworks */,
				9DD7342A23BA1F8D007B98A3 /* BuildFile in Frameworks */,
				9DD7344F23BA226C007B98A3 /* BuildFile in Frameworks */,
				9DD7350223BA3403007B98A3 /* Pods_LocPicker.framework in Frameworks */,
				9DD7344D23BA226C007B98A3 /* BuildFile in Frameworks */,
				F3133A846F29B900779B29B4 /* Pods_LocPicker.framework in Frameworks */,
			);
			runOnlyForDeploymentPostprocessing = 0;
		};
		9DD7341423BA1E3B007B98A3 /* Frameworks */ = {
			isa = PBXFrameworksBuildPhase;
			buildActionMask = 2147483647;
			files = (
				9DD7341823BA1E3B007B98A3 /* LocPicker.framework in Frameworks */,
				763ADBB8EC6DA72F8D717964 /* Pods_LocPicker_LocPickerTests.framework in Frameworks */,
			);
			runOnlyForDeploymentPostprocessing = 0;
		};
/* End PBXFrameworksBuildPhase section */

/* Begin PBXGroup section */
		12D2C29EB92BA44EBEC32142 /* Frameworks */ = {
			isa = PBXGroup;
			children = (
				9DD7350123BA338B007B98A3 /* Pods_LocPicker.framework */,
				F5A372F984D1A59E63FD2156 /* Pods_LocPicker.framework */,
				DA88533BCBB6950251D7B326 /* Pods_LocPicker_LocPickerTests.framework */,
			);
			name = Frameworks;
			sourceTree = "<group>";
		};
		334D35CEDA40F6CF039A3CFB /* Pods */ = {
			isa = PBXGroup;
			children = (
				A2D5E12F7A59C5A916DC3FCA /* Pods-LocPicker.debug.xcconfig */,
				17143879F8A510EC2769201E /* Pods-LocPicker.release.xcconfig */,
				32849D3A9EFA232DF96A6B9E /* Pods-LocPicker-LocPickerTests.debug.xcconfig */,
				6D5C1E24C39A2DCD593D5D24 /* Pods-LocPicker-LocPickerTests.release.xcconfig */,
			);
			path = Pods;
			sourceTree = "<group>";
		};
		9DD7340423BA1E3B007B98A3 = {
			isa = PBXGroup;
			children = (
				9DD7341023BA1E3B007B98A3 /* LocPicker */,
				9DD7341B23BA1E3B007B98A3 /* LocPickerTests */,
				9DD7340F23BA1E3B007B98A3 /* Products */,
				334D35CEDA40F6CF039A3CFB /* Pods */,
				12D2C29EB92BA44EBEC32142 /* Frameworks */,
			);
			sourceTree = "<group>";
		};
		9DD7340F23BA1E3B007B98A3 /* Products */ = {
			isa = PBXGroup;
			children = (
				9DD7340E23BA1E3B007B98A3 /* LocPicker.framework */,
				9DD7341723BA1E3B007B98A3 /* LocPickerTests.xctest */,
			);
			name = Products;
			sourceTree = "<group>";
		};
		9DD7341023BA1E3B007B98A3 /* LocPicker */ = {
			isa = PBXGroup;
			children = (
				9DD7341123BA1E3B007B98A3 /* LocPicker.h */,
				9DD7343123BA2135007B98A3 /* Storyboard */,
				9DD7343423BA219A007B98A3 /* Resources */,
				9DD7343823BA21CB007B98A3 /* ViewControllers */,
				9DD7345023BA232B007B98A3 /* Model */,
				9DD7345723BA23A6007B98A3 /* Controllers */,
				9DD7347823BA2465007B98A3 /* APILibrary */,
				9DD7347123BA2432007B98A3 /* Extensions */,
				9DD7341223BA1E3B007B98A3 /* Info.plist */,
			);
			path = LocPicker;
			sourceTree = "<group>";
		};
		9DD7341B23BA1E3B007B98A3 /* LocPickerTests */ = {
			isa = PBXGroup;
			children = (
				9DD7341C23BA1E3B007B98A3 /* LocPickerTests.swift */,
				9DD7341E23BA1E3B007B98A3 /* Info.plist */,
			);
			path = LocPickerTests;
			sourceTree = "<group>";
		};
		9DD7343123BA2135007B98A3 /* Storyboard */ = {
			isa = PBXGroup;
			children = (
				9DD7343223BA2135007B98A3 /* Main.storyboard */,
			);
			path = Storyboard;
			sourceTree = "<group>";
		};
		9DD7343423BA219A007B98A3 /* Resources */ = {
			isa = PBXGroup;
			children = (
				9DD7343523BA219A007B98A3 /* Assets.xcassets */,
			);
			path = Resources;
			sourceTree = "<group>";
		};
		9DD7343823BA21CB007B98A3 /* ViewControllers */ = {
			isa = PBXGroup;
			children = (
				9DD7343923BA21CB007B98A3 /* NearByPlacesListViewController */,
				9DD7343F23BA21CB007B98A3 /* MapViewController */,
			);
			path = ViewControllers;
			sourceTree = "<group>";
		};
		9DD7343923BA21CB007B98A3 /* NearByPlacesListViewController */ = {
			isa = PBXGroup;
			children = (
				9DD7343C23BA21CB007B98A3 /* NearByPlacesListViewController.swift */,
				9DD7343A23BA21CB007B98A3 /* NearByPlacesListViewController+Ext.swift */,
				9DD7343B23BA21CB007B98A3 /* NearByPlacesViewModel.swift */,
				9DD7343D23BA21CB007B98A3 /* NearbyPlacesTableViewCell */,
			);
			path = NearByPlacesListViewController;
			sourceTree = "<group>";
		};
		9DD7343D23BA21CB007B98A3 /* NearbyPlacesTableViewCell */ = {
			isa = PBXGroup;
			children = (
				9DD7343E23BA21CB007B98A3 /* NearbyPlacesTableViewCell.swift */,
			);
			path = NearbyPlacesTableViewCell;
			sourceTree = "<group>";
		};
		9DD7343F23BA21CB007B98A3 /* MapViewController */ = {
			isa = PBXGroup;
			children = (
				9DD7344123BA21CB007B98A3 /* PickerMapViewController.swift */,
				9DD7344023BA21CB007B98A3 /* PickerMapViewController+Ext.swift */,
				9DD7344223BA21CB007B98A3 /* PickerMapViewModel.swift */,
			);
			path = MapViewController;
			sourceTree = "<group>";
		};
		9DD7345023BA232B007B98A3 /* Model */ = {
			isa = PBXGroup;
			children = (
				9DD7345123BA232B007B98A3 /* LocModel.swift */,
				9DD7345223BA232B007B98A3 /* NearbyPlacesModel.swift */,
				9DD7345323BA232B007B98A3 /* ModelClassResponse.swift */,
			);
			path = Model;
			sourceTree = "<group>";
		};
		9DD7345723BA23A6007B98A3 /* Controllers */ = {
			isa = PBXGroup;
			children = (
				9DD7345823BA23A6007B98A3 /* Picker.swift */,
				9DD7345A23BA23A6007B98A3 /* GVars.swift */,
				9DD7345B23BA23A6007B98A3 /* NoDataView.swift */,
				9DD7345C23BA23A6007B98A3 /* Results.swift */,
				9DD7345D23BA23A6007B98A3 /* PlacePickerQ_API.swift */,
				9DD7345E23BA23A6007B98A3 /* TypeAliases.swift */,
				9DD7345F23BA23A6007B98A3 /* Texts.swift */,
				9DD7346023BA23A6007B98A3 /* Const.swift */,
				9DD7346123BA23A6007B98A3 /* SetImg.swift */,
				9DD7346223BA23A6007B98A3 /* Picker_PlaceMarker.swift */,
			);
			path = Controllers;
			sourceTree = "<group>";
		};
		9DD7347123BA2432007B98A3 /* Extensions */ = {
			isa = PBXGroup;
			children = (
				9DD7347223BA2432007B98A3 /* UIStoryboard+Ext.swift */,
				9DD7347323BA2432007B98A3 /* UIDevice+Ext.swift */,
				9DD7347423BA2432007B98A3 /* UIViewController+Ext.swift */,
			);
			path = Extensions;
			sourceTree = "<group>";
		};
		9DD7347823BA2465007B98A3 /* APILibrary */ = {
			isa = PBXGroup;
			children = (
				9DD7347923BA2465007B98A3 /* APILibrary+Ext3.swift */,
			);
			path = APILibrary;
			sourceTree = "<group>";
		};
/* End PBXGroup section */

/* Begin PBXHeadersBuildPhase section */
		9DD7340923BA1E3B007B98A3 /* Headers */ = {
			isa = PBXHeadersBuildPhase;
			buildActionMask = 2147483647;
			files = (
				9DD7341F23BA1E3B007B98A3 /* LocPicker.h in Headers */,
			);
			runOnlyForDeploymentPostprocessing = 0;
		};
/* End PBXHeadersBuildPhase section */

/* Begin PBXNativeTarget section */
		9DD7340D23BA1E3B007B98A3 /* LocPicker */ = {
			isa = PBXNativeTarget;
			buildConfigurationList = 9DD7342223BA1E3B007B98A3 /* Build configuration list for PBXNativeTarget "LocPicker" */;
			buildPhases = (
				A35F88DD14673E8AAA489C7F /* [CP] Check Pods Manifest.lock */,
				9DD7340923BA1E3B007B98A3 /* Headers */,
				9DD7340A23BA1E3B007B98A3 /* Sources */,
				9DD7340B23BA1E3B007B98A3 /* Frameworks */,
				9DD7340C23BA1E3B007B98A3 /* Resources */,
				15D0E86F76D7C86F173AF5DC /* [CP] Copy Pods Resources */,
				9DD7350423BA3403007B98A3 /* Embed Frameworks */,
			);
			buildRules = (
			);
			dependencies = (
			);
			name = LocPicker;
			packageProductDependencies = (
				9DD7342923BA1F8D007B98A3 /* SwiftPackageProductDependency */,
				9DD7342C23BA1FA6007B98A3 /* SwiftPackageProductDependency */,
				9DD7342F23BA1FC6007B98A3 /* SwiftPackageProductDependency */,
				9DD7344C23BA226C007B98A3 /* SwiftPackageProductDependency */,
				9DD7344E23BA226C007B98A3 /* SwiftPackageProductDependency */,
				9DD7346F23BA23E8007B98A3 /* SwiftPackageProductDependency */,
			);
			productName = LocPicker;
			productReference = 9DD7340E23BA1E3B007B98A3 /* LocPicker.framework */;
			productType = "com.apple.product-type.framework";
		};
		9DD7341623BA1E3B007B98A3 /* LocPickerTests */ = {
			isa = PBXNativeTarget;
			buildConfigurationList = 9DD7342523BA1E3B007B98A3 /* Build configuration list for PBXNativeTarget "LocPickerTests" */;
			buildPhases = (
				D6AFAFB7FD66C4BDC3561D51 /* [CP] Check Pods Manifest.lock */,
				9DD7341323BA1E3B007B98A3 /* Sources */,
				9DD7341423BA1E3B007B98A3 /* Frameworks */,
				9DD7341523BA1E3B007B98A3 /* Resources */,
				B680B8E1253E55E61E4F8AA9 /* [CP] Copy Pods Resources */,
			);
			buildRules = (
			);
			dependencies = (
				9DD7341A23BA1E3B007B98A3 /* PBXTargetDependency */,
			);
			name = LocPickerTests;
			productName = LocPickerTests;
			productReference = 9DD7341723BA1E3B007B98A3 /* LocPickerTests.xctest */;
			productType = "com.apple.product-type.bundle.unit-test";
		};
/* End PBXNativeTarget section */

/* Begin PBXProject section */
		9DD7340523BA1E3B007B98A3 /* Project object */ = {
			isa = PBXProject;
			attributes = {
				LastSwiftUpdateCheck = 1130;
				LastUpgradeCheck = 1130;
				ORGANIZATIONNAME = "Manu Puthoor";
				TargetAttributes = {
					9DD7340D23BA1E3B007B98A3 = {
						CreatedOnToolsVersion = 11.3;
					};
					9DD7341623BA1E3B007B98A3 = {
						CreatedOnToolsVersion = 11.3;
					};
				};
			};
			buildConfigurationList = 9DD7340823BA1E3B007B98A3 /* Build configuration list for PBXProject "LocPicker" */;
			compatibilityVersion = "Xcode 9.3";
			developmentRegion = en;
			hasScannedForEncodings = 0;
			knownRegions = (
				en,
				Base,
			);
			mainGroup = 9DD7340423BA1E3B007B98A3;
			packageReferences = (
				9DD7342823BA1F8D007B98A3 /* RemoteSwiftPackageReference */,
				9DD7342B23BA1FA6007B98A3 /* RemoteSwiftPackageReference */,
				9DD7342E23BA1FC6007B98A3 /* RemoteSwiftPackageReference */,
				9DD7344B23BA226C007B98A3 /* RemoteSwiftPackageReference */,
				9DD7346E23BA23E8007B98A3 /* RemoteSwiftPackageReference */,
			);
			productRefGroup = 9DD7340F23BA1E3B007B98A3 /* Products */;
			projectDirPath = "";
			projectRoot = "";
			targets = (
				9DD7340D23BA1E3B007B98A3 /* LocPicker */,
				9DD7341623BA1E3B007B98A3 /* LocPickerTests */,
			);
		};
/* End PBXProject section */

/* Begin PBXResourcesBuildPhase section */
		9DD7340C23BA1E3B007B98A3 /* Resources */ = {
			isa = PBXResourcesBuildPhase;
			buildActionMask = 2147483647;
			files = (
				9DD7343723BA21A3007B98A3 /* Assets.xcassets in Resources */,
				9DD7344A23BA21FC007B98A3 /* Main.storyboard in Resources */,
			);
			runOnlyForDeploymentPostprocessing = 0;
		};
		9DD7341523BA1E3B007B98A3 /* Resources */ = {
			isa = PBXResourcesBuildPhase;
			buildActionMask = 2147483647;
			files = (
			);
			runOnlyForDeploymentPostprocessing = 0;
		};
/* End PBXResourcesBuildPhase section */

/* Begin PBXShellScriptBuildPhase section */
		15D0E86F76D7C86F173AF5DC /* [CP] Copy Pods Resources */ = {
			isa = PBXShellScriptBuildPhase;
			buildActionMask = 2147483647;
			files = (
			);
			inputFileListPaths = (
				"${PODS_ROOT}/Target Support Files/Pods-LocPicker/Pods-LocPicker-resources-${CONFIGURATION}-input-files.xcfilelist",
			);
			name = "[CP] Copy Pods Resources";
			outputFileListPaths = (
				"${PODS_ROOT}/Target Support Files/Pods-LocPicker/Pods-LocPicker-resources-${CONFIGURATION}-output-files.xcfilelist",
			);
			runOnlyForDeploymentPostprocessing = 0;
			shellPath = /bin/sh;
			shellScript = "\"${PODS_ROOT}/Target Support Files/Pods-LocPicker/Pods-LocPicker-resources.sh\"\n";
			showEnvVarsInLog = 0;
		};
		A35F88DD14673E8AAA489C7F /* [CP] Check Pods Manifest.lock */ = {
			isa = PBXShellScriptBuildPhase;
			buildActionMask = 2147483647;
			files = (
			);
			inputFileListPaths = (
			);
			inputPaths = (
				"${PODS_PODFILE_DIR_PATH}/Podfile.lock",
				"${PODS_ROOT}/Manifest.lock",
			);
			name = "[CP] Check Pods Manifest.lock";
			outputFileListPaths = (
			);
			outputPaths = (
				"$(DERIVED_FILE_DIR)/Pods-LocPicker-checkManifestLockResult.txt",
			);
			runOnlyForDeploymentPostprocessing = 0;
			shellPath = /bin/sh;
			shellScript = "diff \"${PODS_PODFILE_DIR_PATH}/Podfile.lock\" \"${PODS_ROOT}/Manifest.lock\" > /dev/null\nif [ $? != 0 ] ; then\n    # print error to STDERR\n    echo \"error: The sandbox is not in sync with the Podfile.lock. Run 'pod install' or update your CocoaPods installation.\" >&2\n    exit 1\nfi\n# This output is used by Xcode 'outputs' to avoid re-running this script phase.\necho \"SUCCESS\" > \"${SCRIPT_OUTPUT_FILE_0}\"\n";
			showEnvVarsInLog = 0;
		};
		B680B8E1253E55E61E4F8AA9 /* [CP] Copy Pods Resources */ = {
			isa = PBXShellScriptBuildPhase;
			buildActionMask = 2147483647;
			files = (
			);
			inputFileListPaths = (
				"${PODS_ROOT}/Target Support Files/Pods-LocPicker-LocPickerTests/Pods-LocPicker-LocPickerTests-resources-${CONFIGURATION}-input-files.xcfilelist",
			);
			name = "[CP] Copy Pods Resources";
			outputFileListPaths = (
				"${PODS_ROOT}/Target Support Files/Pods-LocPicker-LocPickerTests/Pods-LocPicker-LocPickerTests-resources-${CONFIGURATION}-output-files.xcfilelist",
			);
			runOnlyForDeploymentPostprocessing = 0;
			shellPath = /bin/sh;
			shellScript = "\"${PODS_ROOT}/Target Support Files/Pods-LocPicker-LocPickerTests/Pods-LocPicker-LocPickerTests-resources.sh\"\n";
			showEnvVarsInLog = 0;
		};
		D6AFAFB7FD66C4BDC3561D51 /* [CP] Check Pods Manifest.lock */ = {
			isa = PBXShellScriptBuildPhase;
			buildActionMask = 2147483647;
			files = (
			);
			inputFileListPaths = (
			);
			inputPaths = (
				"${PODS_PODFILE_DIR_PATH}/Podfile.lock",
				"${PODS_ROOT}/Manifest.lock",
			);
			name = "[CP] Check Pods Manifest.lock";
			outputFileListPaths = (
			);
			outputPaths = (
				"$(DERIVED_FILE_DIR)/Pods-LocPicker-LocPickerTests-checkManifestLockResult.txt",
			);
			runOnlyForDeploymentPostprocessing = 0;
			shellPath = /bin/sh;
			shellScript = "diff \"${PODS_PODFILE_DIR_PATH}/Podfile.lock\" \"${PODS_ROOT}/Manifest.lock\" > /dev/null\nif [ $? != 0 ] ; then\n    # print error to STDERR\n    echo \"error: The sandbox is not in sync with the Podfile.lock. Run 'pod install' or update your CocoaPods installation.\" >&2\n    exit 1\nfi\n# This output is used by Xcode 'outputs' to avoid re-running this script phase.\necho \"SUCCESS\" > \"${SCRIPT_OUTPUT_FILE_0}\"\n";
			showEnvVarsInLog = 0;
		};
/* End PBXShellScriptBuildPhase section */

/* Begin PBXSourcesBuildPhase section */
		9DD7340A23BA1E3B007B98A3 /* Sources */ = {
			isa = PBXSourcesBuildPhase;
			buildActionMask = 2147483647;
			files = (
				9DD7345423BA232B007B98A3 /* LocModel.swift in Sources */,
				9DD7346B23BA23A6007B98A3 /* Const.swift in Sources */,
				9DD7344323BA21CB007B98A3 /* NearByPlacesListViewController+Ext.swift in Sources */,
				9DD7344423BA21CB007B98A3 /* NearByPlacesViewModel.swift in Sources */,
				9DD7346C23BA23A6007B98A3 /* SetImg.swift in Sources */,
				9DD7346623BA23A6007B98A3 /* NoDataView.swift in Sources */,
				9DD7346523BA23A6007B98A3 /* GVars.swift in Sources */,
				9DD7344723BA21CB007B98A3 /* PickerMapViewController+Ext.swift in Sources */,
				9DD7346D23BA23A6007B98A3 /* Picker_PlaceMarker.swift in Sources */,
				9DD7344823BA21CB007B98A3 /* PickerMapViewController.swift in Sources */,
				9DD7344623BA21CB007B98A3 /* NearbyPlacesTableViewCell.swift in Sources */,
				9DD7344923BA21CB007B98A3 /* PickerMapViewModel.swift in Sources */,
				9DD7346723BA23A6007B98A3 /* Results.swift in Sources */,
				9DD7347723BA2432007B98A3 /* UIViewController+Ext.swift in Sources */,
				9DD7347523BA2432007B98A3 /* UIStoryboard+Ext.swift in Sources */,
				9DD7345623BA232B007B98A3 /* ModelClassResponse.swift in Sources */,
				9DD7346A23BA23A6007B98A3 /* Texts.swift in Sources */,
				9DD7347C23BA2465007B98A3 /* APILibrary+Ext3.swift in Sources */,
				9DD7347623BA2432007B98A3 /* UIDevice+Ext.swift in Sources */,
				9DD7345523BA232B007B98A3 /* NearbyPlacesModel.swift in Sources */,
				9DD7344523BA21CB007B98A3 /* NearByPlacesListViewController.swift in Sources */,
				9DD7346823BA23A6007B98A3 /* PlacePickerQ_API.swift in Sources */,
				9DD7346323BA23A6007B98A3 /* Picker.swift in Sources */,
				9DD7346923BA23A6007B98A3 /* TypeAliases.swift in Sources */,
			);
			runOnlyForDeploymentPostprocessing = 0;
		};
		9DD7341323BA1E3B007B98A3 /* Sources */ = {
			isa = PBXSourcesBuildPhase;
			buildActionMask = 2147483647;
			files = (
				9DD7341D23BA1E3B007B98A3 /* LocPickerTests.swift in Sources */,
			);
			runOnlyForDeploymentPostprocessing = 0;
		};
/* End PBXSourcesBuildPhase section */

/* Begin PBXTargetDependency section */
		9DD7341A23BA1E3B007B98A3 /* PBXTargetDependency */ = {
			isa = PBXTargetDependency;
			target = 9DD7340D23BA1E3B007B98A3 /* LocPicker */;
			targetProxy = 9DD7341923BA1E3B007B98A3 /* PBXContainerItemProxy */;
		};
/* End PBXTargetDependency section */

/* Begin XCBuildConfiguration section */
		9DD7342023BA1E3B007B98A3 /* Debug */ = {
			isa = XCBuildConfiguration;
			buildSettings = {
				ALWAYS_SEARCH_USER_PATHS = NO;
				CLANG_ANALYZER_NONNULL = YES;
				CLANG_ANALYZER_NUMBER_OBJECT_CONVERSION = YES_AGGRESSIVE;
				CLANG_CXX_LANGUAGE_STANDARD = "gnu++14";
				CLANG_CXX_LIBRARY = "libc++";
				CLANG_ENABLE_MODULES = YES;
				CLANG_ENABLE_OBJC_ARC = YES;
				CLANG_ENABLE_OBJC_WEAK = YES;
				CLANG_WARN_BLOCK_CAPTURE_AUTORELEASING = YES;
				CLANG_WARN_BOOL_CONVERSION = YES;
				CLANG_WARN_COMMA = YES;
				CLANG_WARN_CONSTANT_CONVERSION = YES;
				CLANG_WARN_DEPRECATED_OBJC_IMPLEMENTATIONS = YES;
				CLANG_WARN_DIRECT_OBJC_ISA_USAGE = YES_ERROR;
				CLANG_WARN_DOCUMENTATION_COMMENTS = YES;
				CLANG_WARN_EMPTY_BODY = YES;
				CLANG_WARN_ENUM_CONVERSION = YES;
				CLANG_WARN_INFINITE_RECURSION = YES;
				CLANG_WARN_INT_CONVERSION = YES;
				CLANG_WARN_NON_LITERAL_NULL_CONVERSION = YES;
				CLANG_WARN_OBJC_IMPLICIT_RETAIN_SELF = YES;
				CLANG_WARN_OBJC_LITERAL_CONVERSION = YES;
				CLANG_WARN_OBJC_ROOT_CLASS = YES_ERROR;
				CLANG_WARN_RANGE_LOOP_ANALYSIS = YES;
				CLANG_WARN_STRICT_PROTOTYPES = YES;
				CLANG_WARN_SUSPICIOUS_MOVE = YES;
				CLANG_WARN_UNGUARDED_AVAILABILITY = YES_AGGRESSIVE;
				CLANG_WARN_UNREACHABLE_CODE = YES;
				CLANG_WARN__DUPLICATE_METHOD_MATCH = YES;
				COPY_PHASE_STRIP = NO;
				CURRENT_PROJECT_VERSION = 1;
				DEBUG_INFORMATION_FORMAT = dwarf;
				ENABLE_STRICT_OBJC_MSGSEND = YES;
				ENABLE_TESTABILITY = YES;
				GCC_C_LANGUAGE_STANDARD = gnu11;
				GCC_DYNAMIC_NO_PIC = NO;
				GCC_NO_COMMON_BLOCKS = YES;
				GCC_OPTIMIZATION_LEVEL = 0;
				GCC_PREPROCESSOR_DEFINITIONS = (
					"DEBUG=1",
					"$(inherited)",
				);
				GCC_WARN_64_TO_32_BIT_CONVERSION = YES;
				GCC_WARN_ABOUT_RETURN_TYPE = YES_ERROR;
				GCC_WARN_UNDECLARED_SELECTOR = YES;
				GCC_WARN_UNINITIALIZED_AUTOS = YES_AGGRESSIVE;
				GCC_WARN_UNUSED_FUNCTION = YES;
				GCC_WARN_UNUSED_VARIABLE = YES;
				IPHONEOS_DEPLOYMENT_TARGET = 10.0;
				MTL_ENABLE_DEBUG_INFO = INCLUDE_SOURCE;
				MTL_FAST_MATH = YES;
				ONLY_ACTIVE_ARCH = YES;
				SDKROOT = iphoneos;
				SWIFT_ACTIVE_COMPILATION_CONDITIONS = DEBUG;
				SWIFT_OPTIMIZATION_LEVEL = "-Onone";
				VERSIONING_SYSTEM = "apple-generic";
				VERSION_INFO_PREFIX = "";
			};
			name = Debug;
		};
		9DD7342123BA1E3B007B98A3 /* Release */ = {
			isa = XCBuildConfiguration;
			buildSettings = {
				ALWAYS_SEARCH_USER_PATHS = NO;
				CLANG_ANALYZER_NONNULL = YES;
				CLANG_ANALYZER_NUMBER_OBJECT_CONVERSION = YES_AGGRESSIVE;
				CLANG_CXX_LANGUAGE_STANDARD = "gnu++14";
				CLANG_CXX_LIBRARY = "libc++";
				CLANG_ENABLE_MODULES = YES;
				CLANG_ENABLE_OBJC_ARC = YES;
				CLANG_ENABLE_OBJC_WEAK = YES;
				CLANG_WARN_BLOCK_CAPTURE_AUTORELEASING = YES;
				CLANG_WARN_BOOL_CONVERSION = YES;
				CLANG_WARN_COMMA = YES;
				CLANG_WARN_CONSTANT_CONVERSION = YES;
				CLANG_WARN_DEPRECATED_OBJC_IMPLEMENTATIONS = YES;
				CLANG_WARN_DIRECT_OBJC_ISA_USAGE = YES_ERROR;
				CLANG_WARN_DOCUMENTATION_COMMENTS = YES;
				CLANG_WARN_EMPTY_BODY = YES;
				CLANG_WARN_ENUM_CONVERSION = YES;
				CLANG_WARN_INFINITE_RECURSION = YES;
				CLANG_WARN_INT_CONVERSION = YES;
				CLANG_WARN_NON_LITERAL_NULL_CONVERSION = YES;
				CLANG_WARN_OBJC_IMPLICIT_RETAIN_SELF = YES;
				CLANG_WARN_OBJC_LITERAL_CONVERSION = YES;
				CLANG_WARN_OBJC_ROOT_CLASS = YES_ERROR;
				CLANG_WARN_RANGE_LOOP_ANALYSIS = YES;
				CLANG_WARN_STRICT_PROTOTYPES = YES;
				CLANG_WARN_SUSPICIOUS_MOVE = YES;
				CLANG_WARN_UNGUARDED_AVAILABILITY = YES_AGGRESSIVE;
				CLANG_WARN_UNREACHABLE_CODE = YES;
				CLANG_WARN__DUPLICATE_METHOD_MATCH = YES;
				COPY_PHASE_STRIP = NO;
				CURRENT_PROJECT_VERSION = 1;
				DEBUG_INFORMATION_FORMAT = "dwarf-with-dsym";
				ENABLE_NS_ASSERTIONS = NO;
				ENABLE_STRICT_OBJC_MSGSEND = YES;
				GCC_C_LANGUAGE_STANDARD = gnu11;
				GCC_NO_COMMON_BLOCKS = YES;
				GCC_WARN_64_TO_32_BIT_CONVERSION = YES;
				GCC_WARN_ABOUT_RETURN_TYPE = YES_ERROR;
				GCC_WARN_UNDECLARED_SELECTOR = YES;
				GCC_WARN_UNINITIALIZED_AUTOS = YES_AGGRESSIVE;
				GCC_WARN_UNUSED_FUNCTION = YES;
				GCC_WARN_UNUSED_VARIABLE = YES;
				IPHONEOS_DEPLOYMENT_TARGET = 10.0;
				MTL_ENABLE_DEBUG_INFO = NO;
				MTL_FAST_MATH = YES;
				SDKROOT = iphoneos;
				SWIFT_COMPILATION_MODE = wholemodule;
				SWIFT_OPTIMIZATION_LEVEL = "-O";
				VALIDATE_PRODUCT = YES;
				VERSIONING_SYSTEM = "apple-generic";
				VERSION_INFO_PREFIX = "";
			};
			name = Release;
		};
		9DD7342323BA1E3B007B98A3 /* Debug */ = {
			isa = XCBuildConfiguration;
			baseConfigurationReference = A2D5E12F7A59C5A916DC3FCA /* Pods-LocPicker.debug.xcconfig */;
			buildSettings = {
				CODE_SIGN_STYLE = Automatic;
				DEFINES_MODULE = YES;
				DEVELOPMENT_TEAM = 3P3J8AFD59;
				DYLIB_COMPATIBILITY_VERSION = 1;
				DYLIB_CURRENT_VERSION = 1;
				DYLIB_INSTALL_NAME_BASE = "@rpath";
				INFOPLIST_FILE = LocPicker/Info.plist;
				INSTALL_PATH = "$(LOCAL_LIBRARY_DIR)/Frameworks";
				IPHONEOS_DEPLOYMENT_TARGET = 10.0;
				LD_RUNPATH_SEARCH_PATHS = (
					"$(inherited)",
					"@executable_path/Frameworks",
					"@loader_path/Frameworks",
				);
				PRODUCT_BUNDLE_IDENTIFIER = "com.Qaptive-Tech.LocPicker";
				PRODUCT_NAME = "$(TARGET_NAME:c99extidentifier)";
				SKIP_INSTALL = YES;
				SWIFT_VERSION = 5.0;
				TARGETED_DEVICE_FAMILY = "1,2";
			};
			name = Debug;
		};
		9DD7342423BA1E3B007B98A3 /* Release */ = {
			isa = XCBuildConfiguration;
			baseConfigurationReference = 17143879F8A510EC2769201E /* Pods-LocPicker.release.xcconfig */;
			buildSettings = {
				CODE_SIGN_STYLE = Automatic;
				DEFINES_MODULE = YES;
				DEVELOPMENT_TEAM = 3P3J8AFD59;
				DYLIB_COMPATIBILITY_VERSION = 1;
				DYLIB_CURRENT_VERSION = 1;
				DYLIB_INSTALL_NAME_BASE = "@rpath";
				INFOPLIST_FILE = LocPicker/Info.plist;
				INSTALL_PATH = "$(LOCAL_LIBRARY_DIR)/Frameworks";
				IPHONEOS_DEPLOYMENT_TARGET = 10.0;
				LD_RUNPATH_SEARCH_PATHS = (
					"$(inherited)",
					"@executable_path/Frameworks",
					"@loader_path/Frameworks",
				);
				PRODUCT_BUNDLE_IDENTIFIER = "com.Qaptive-Tech.LocPicker";
				PRODUCT_NAME = "$(TARGET_NAME:c99extidentifier)";
				SKIP_INSTALL = YES;
				SWIFT_VERSION = 5.0;
				TARGETED_DEVICE_FAMILY = "1,2";
			};
			name = Release;
		};
		9DD7342623BA1E3B007B98A3 /* Debug */ = {
			isa = XCBuildConfiguration;
			baseConfigurationReference = 32849D3A9EFA232DF96A6B9E /* Pods-LocPicker-LocPickerTests.debug.xcconfig */;
			buildSettings = {
				ALWAYS_EMBED_SWIFT_STANDARD_LIBRARIES = YES;
				CODE_SIGN_STYLE = Automatic;
				DEVELOPMENT_TEAM = 3P3J8AFD59;
				INFOPLIST_FILE = LocPickerTests/Info.plist;
				LD_RUNPATH_SEARCH_PATHS = (
					"$(inherited)",
					"@executable_path/Frameworks",
					"@loader_path/Frameworks",
				);
				PRODUCT_BUNDLE_IDENTIFIER = "com.Qaptive-Tech.LocPickerTests";
				PRODUCT_NAME = "$(TARGET_NAME)";
				SWIFT_VERSION = 5.0;
				TARGETED_DEVICE_FAMILY = "1,2";
			};
			name = Debug;
		};
		9DD7342723BA1E3B007B98A3 /* Release */ = {
			isa = XCBuildConfiguration;
			baseConfigurationReference = 6D5C1E24C39A2DCD593D5D24 /* Pods-LocPicker-LocPickerTests.release.xcconfig */;
			buildSettings = {
				ALWAYS_EMBED_SWIFT_STANDARD_LIBRARIES = YES;
				CODE_SIGN_STYLE = Automatic;
				DEVELOPMENT_TEAM = 3P3J8AFD59;
				INFOPLIST_FILE = LocPickerTests/Info.plist;
				LD_RUNPATH_SEARCH_PATHS = (
					"$(inherited)",
					"@executable_path/Frameworks",
					"@loader_path/Frameworks",
				);
				PRODUCT_BUNDLE_IDENTIFIER = "com.Qaptive-Tech.LocPickerTests";
				PRODUCT_NAME = "$(TARGET_NAME)";
				SWIFT_VERSION = 5.0;
				TARGETED_DEVICE_FAMILY = "1,2";
			};
			name = Release;
		};
/* End XCBuildConfiguration section */

/* Begin XCConfigurationList section */
		9DD7340823BA1E3B007B98A3 /* Build configuration list for PBXProject "LocPicker" */ = {
			isa = XCConfigurationList;
			buildConfigurations = (
				9DD7342023BA1E3B007B98A3 /* Debug */,
				9DD7342123BA1E3B007B98A3 /* Release */,
			);
			defaultConfigurationIsVisible = 0;
			defaultConfigurationName = Release;
		};
		9DD7342223BA1E3B007B98A3 /* Build configuration list for PBXNativeTarget "LocPicker" */ = {
			isa = XCConfigurationList;
			buildConfigurations = (
				9DD7342323BA1E3B007B98A3 /* Debug */,
				9DD7342423BA1E3B007B98A3 /* Release */,
			);
			defaultConfigurationIsVisible = 0;
			defaultConfigurationName = Release;
		};
		9DD7342523BA1E3B007B98A3 /* Build configuration list for PBXNativeTarget "LocPickerTests" */ = {
			isa = XCConfigurationList;
			buildConfigurations = (
				9DD7342623BA1E3B007B98A3 /* Debug */,
				9DD7342723BA1E3B007B98A3 /* Release */,
			);
			defaultConfigurationIsVisible = 0;
			defaultConfigurationName = Release;
		};
/* End XCConfigurationList section */

/* Begin XCRemoteSwiftPackageReference section */
		9DD7342823BA1F8D007B98A3 /* RemoteSwiftPackageReference */ = {
			isa = XCRemoteSwiftPackageReference;
			repositoryURL = "https://github.com/Alamofire/Alamofire.git";
			requirement = {
				kind = upToNextMajorVersion;
				minimumVersion = 4.9.1;
			};
		};
		9DD7342B23BA1FA6007B98A3 /* RemoteSwiftPackageReference */ = {
			isa = XCRemoteSwiftPackageReference;
			repositoryURL = "https://github.com/AnupSukumaran/SASLogger.git";
			requirement = {
				kind = upToNextMajorVersion;
				minimumVersion = 1.0.0;
			};
		};
		9DD7342E23BA1FC6007B98A3 /* RemoteSwiftPackageReference */ = {
			isa = XCRemoteSwiftPackageReference;
			repositoryURL = "https://github.com/AnupSukumaran/APILib.git";
			requirement = {
				kind = upToNextMajorVersion;
				minimumVersion = 1.0.0;
			};
		};
		9DD7344B23BA226C007B98A3 /* RemoteSwiftPackageReference */ = {
			isa = XCRemoteSwiftPackageReference;
			repositoryURL = "https://github.com/SDWebImage/SDWebImage.git";
			requirement = {
				kind = upToNextMajorVersion;
				minimumVersion = 5.4.1;
			};
		};
		9DD7346E23BA23E8007B98A3 /* RemoteSwiftPackageReference */ = {
			isa = XCRemoteSwiftPackageReference;
			repositoryURL = "https://github.com/ninjaprox/NVActivityIndicatorView.git";
			requirement = {
				kind = upToNextMajorVersion;
				minimumVersion = 4.8.0;
			};
		};
/* End XCRemoteSwiftPackageReference section */

/* Begin XCSwiftPackageProductDependency section */
		9DD7342923BA1F8D007B98A3 /* SwiftPackageProductDependency */ = {
			isa = XCSwiftPackageProductDependency;
			package = 9DD7342823BA1F8D007B98A3 /* RemoteSwiftPackageReference */;
			productName = Alamofire;
		};
		9DD7342C23BA1FA6007B98A3 /* SwiftPackageProductDependency */ = {
			isa = XCSwiftPackageProductDependency;
			package = 9DD7342B23BA1FA6007B98A3 /* RemoteSwiftPackageReference */;
			productName = SASLogger;
		};
		9DD7342F23BA1FC6007B98A3 /* SwiftPackageProductDependency */ = {
			isa = XCSwiftPackageProductDependency;
			package = 9DD7342E23BA1FC6007B98A3 /* RemoteSwiftPackageReference */;
			productName = APILib;
		};
		9DD7344C23BA226C007B98A3 /* SwiftPackageProductDependency */ = {
			isa = XCSwiftPackageProductDependency;
			package = 9DD7344B23BA226C007B98A3 /* RemoteSwiftPackageReference */;
			productName = SDWebImage;
		};
		9DD7344E23BA226C007B98A3 /* SwiftPackageProductDependency */ = {
			isa = XCSwiftPackageProductDependency;
			package = 9DD7344B23BA226C007B98A3 /* RemoteSwiftPackageReference */;
			productName = SDWebImageMapKit;
		};
		9DD7346F23BA23E8007B98A3 /* SwiftPackageProductDependency */ = {
			isa = XCSwiftPackageProductDependency;
			package = 9DD7346E23BA23E8007B98A3 /* RemoteSwiftPackageReference */;
			productName = NVActivityIndicatorView;
		};
/* End XCSwiftPackageProductDependency section */
	};
	rootObject = 9DD7340523BA1E3B007B98A3 /* Project object */;
}
